
Microsoft Visual Studio Solution File, Format Version 12.00
# Visual Studio 15
VisualStudioVersion = 15.0.28307.168
MinimumVisualStudioVersion = 10.0.40219.1
Project("{FAE04EC0-301F-11D3-BF4B-00C04F79EFBC}") = "OFICINA3A42", "OFICINA3A42\OFICINA3A42.csproj", "{54FDD9AA-107F-44F0-BFEB-CB9152BCF1FE}"
EndProject
Global
	GlobalSection(SolutionConfigurationPlatforms) = preSolution
		Debug|Any CPU = Debug|Any CPU
		Release|Any CPU = Release|Any CPU
	EndGlobalSection
	GlobalSection(ProjectConfigurationPlatforms) = postSolution
		{54FDD9AA-107F-44F0-BFEB-CB9152BCF1FE}.Debug|Any CPU.ActiveCfg = Debug|Any CPU
		{54FDD9AA-107F-44F0-BFEB-CB9152BCF1FE}.Debug|Any CPU.Build.0 = Debug|Any CPU
		{54FDD9AA-107F-44F0-BFEB-CB9152BCF1FE}.Release|Any CPU.ActiveCfg = Release|Any CPU
		{54FDD9AA-107F-44F0-BFEB-CB9152BCF1FE}.Release|Any CPU.Build.0 = Release|Any CPU
	EndGlobalSection
	GlobalSection(SolutionProperties) = preSolution
		HideSolutionNode = FALSE
	EndGlobalSection
	GlobalSection(ExtensibilityGlobals) = postSolution
		SolutionGuid = {E82CE442-6DAD-40D3-BFFC-465B9EEDCE5D}
	EndGlobalSection
EndGlobal
